// !$*UTF8*$!
{
	archiveVersion = 1;
	classes = {
	};
	objectVersion = 46;
	objects = {

/* Begin PBXBuildFile section */
		729555AF192E87BB00D6CD10 /* Foundation.framework in Frameworks */ = {isa = PBXBuildFile; fileRef = 729555AE192E87BB00D6CD10 /* Foundation.framework */; };
		729555B1192E87BB00D6CD10 /* CoreGraphics.framework in Frameworks */ = {isa = PBXBuildFile; fileRef = 729555B0192E87BB00D6CD10 /* CoreGraphics.framework */; };
		729555B3192E87BB00D6CD10 /* UIKit.framework in Frameworks */ = {isa = PBXBuildFile; fileRef = 729555B2192E87BB00D6CD10 /* UIKit.framework */; };
		729555B9192E87BB00D6CD10 /* InfoPlist.strings in Resources */ = {isa = PBXBuildFile; fileRef = 729555B7192E87BB00D6CD10 /* InfoPlist.strings */; };
		729555BB192E87BB00D6CD10 /* main.m in Sources */ = {isa = PBXBuildFile; fileRef = 729555BA192E87BB00D6CD10 /* main.m */; };
		729555BF192E87BB00D6CD10 /* AppDelegate.m in Sources */ = {isa = PBXBuildFile; fileRef = 729555BE192E87BB00D6CD10 /* AppDelegate.m */; };
		729555C2192E87BB00D6CD10 /* Main_iPhone.storyboard in Resources */ = {isa = PBXBuildFile; fileRef = 729555C0192E87BB00D6CD10 /* Main_iPhone.storyboard */; };
		729555C5192E87BB00D6CD10 /* Main_iPad.storyboard in Resources */ = {isa = PBXBuildFile; fileRef = 729555C3192E87BB00D6CD10 /* Main_iPad.storyboard */; };
		729555C8192E87BB00D6CD10 /* ViewController.m in Sources */ = {isa = PBXBuildFile; fileRef = 729555C7192E87BB00D6CD10 /* ViewController.m */; };
		729555CA192E87BB00D6CD10 /* Images.xcassets in Resources */ = {isa = PBXBuildFile; fileRef = 729555C9192E87BB00D6CD10 /* Images.xcassets */; };
		729555D1192E87BB00D6CD10 /* XCTest.framework in Frameworks */ = {isa = PBXBuildFile; fileRef = 729555D0192E87BB00D6CD10 /* XCTest.framework */; };
		729555D2192E87BB00D6CD10 /* Foundation.framework in Frameworks */ = {isa = PBXBuildFile; fileRef = 729555AE192E87BB00D6CD10 /* Foundation.framework */; };
		729555D3192E87BB00D6CD10 /* UIKit.framework in Frameworks */ = {isa = PBXBuildFile; fileRef = 729555B2192E87BB00D6CD10 /* UIKit.framework */; };
		729555DB192E87BB00D6CD10 /* InfoPlist.strings in Resources */ = {isa = PBXBuildFile; fileRef = 729555D9192E87BB00D6CD10 /* InfoPlist.strings */; };
		729555DD192E87BB00D6CD10 /* TestBeaconWakeAppTests.m in Sources */ = {isa = PBXBuildFile; fileRef = 729555DC192E87BB00D6CD10 /* TestBeaconWakeAppTests.m */; };
		729555E7192E87D700D6CD10 /* CoreBluetooth.framework in Frameworks */ = {isa = PBXBuildFile; fileRef = 729555E6192E87D700D6CD10 /* CoreBluetooth.framework */; };
		729555E9192E87E600D6CD10 /* CoreLocation.framework in Frameworks */ = {isa = PBXBuildFile; fileRef = 729555E8192E87E600D6CD10 /* CoreLocation.framework */; };
/* End PBXBuildFile section */

/* Begin PBXContainerItemProxy section */
		729555D4192E87BB00D6CD10 /* PBXContainerItemProxy */ = {
			isa = PBXContainerItemProxy;
			containerPortal = 729555A3192E87BB00D6CD10 /* Project object */;
			proxyType = 1;
			remoteGlobalIDString = 729555AA192E87BB00D6CD10;
			remoteInfo = TestBeaconWakeApp;
		};
/* End PBXContainerItemProxy section */

/* Begin PBXFileReference section */
		729555AB192E87BB00D6CD10 /* TestBeaconWakeApp.app */ = {isa = PBXFileReference; explicitFileType = wrapper.application; includeInIndex = 0; path = TestBeaconWakeApp.app; sourceTree = BUILT_PRODUCTS_DIR; };
		729555AE192E87BB00D6CD10 /* Foundation.framework */ = {isa = PBXFileReference; lastKnownFileType = wrapper.framework; name = Foundation.framework; path = System/Library/Frameworks/Foundation.framework; sourceTree = SDKROOT; };
		729555B0192E87BB00D6CD10 /* CoreGraphics.framework */ = {isa = PBXFileReference; lastKnownFileType = wrapper.framework; name = CoreGraphics.framework; path = System/Library/Frameworks/CoreGraphics.framework; sourceTree = SDKROOT; };
		729555B2192E87BB00D6CD10 /* UIKit.framework */ = {isa = PBXFileReference; lastKnownFileType = wrapper.framework; name = UIKit.framework; path = System/Library/Frameworks/UIKit.framework; sourceTree = SDKROOT; };
		729555B6192E87BB00D6CD10 /* TestBeaconWakeApp-Info.plist */ = {isa = PBXFileReference; lastKnownFileType = text.plist.xml; path = "TestBeaconWakeApp-Info.plist"; sourceTree = "<group>"; };
		729555B8192E87BB00D6CD10 /* en */ = {isa = PBXFileReference; lastKnownFileType = text.plist.strings; name = en; path = en.lproj/InfoPlist.strings; sourceTree = "<group>"; };
		729555BA192E87BB00D6CD10 /* main.m */ = {isa = PBXFileReference; lastKnownFileType = sourcecode.c.objc; path = main.m; sourceTree = "<group>"; };
		729555BC192E87BB00D6CD10 /* TestBeaconWakeApp-Prefix.pch */ = {isa = PBXFileReference; lastKnownFileType = sourcecode.c.h; path = "TestBeaconWakeApp-Prefix.pch"; sourceTree = "<group>"; };
		729555BD192E87BB00D6CD10 /* AppDelegate.h */ = {isa = PBXFileReference; lastKnownFileType = sourcecode.c.h; path = AppDelegate.h; sourceTree = "<group>"; };
		729555BE192E87BB00D6CD10 /* AppDelegate.m */ = {isa = PBXFileReference; lastKnownFileType = sourcecode.c.objc; path = AppDelegate.m; sourceTree = "<group>"; };
		729555C1192E87BB00D6CD10 /* Base */ = {isa = PBXFileReference; lastKnownFileType = file.storyboard; name = Base; path = Base.lproj/Main_iPhone.storyboard; sourceTree = "<group>"; };
		729555C4192E87BB00D6CD10 /* Base */ = {isa = PBXFileReference; lastKnownFileType = file.storyboard; name = Base; path = Base.lproj/Main_iPad.storyboard; sourceTree = "<group>"; };
		729555C6192E87BB00D6CD10 /* ViewController.h */ = {isa = PBXFileReference; lastKnownFileType = sourcecode.c.h; path = ViewController.h; sourceTree = "<group>"; };
		729555C7192E87BB00D6CD10 /* ViewController.m */ = {isa = PBXFileReference; lastKnownFileType = sourcecode.c.objc; path = ViewController.m; sourceTree = "<group>"; };
		729555C9192E87BB00D6CD10 /* Images.xcassets */ = {isa = PBXFileReference; lastKnownFileType = folder.assetcatalog; path = Images.xcassets; sourceTree = "<group>"; };
		729555CF192E87BB00D6CD10 /* TestBeaconWakeAppTests.xctest */ = {isa = PBXFileReference; explicitFileType = wrapper.cfbundle; includeInIndex = 0; path = TestBeaconWakeAppTests.xctest; sourceTree = BUILT_PRODUCTS_DIR; };
		729555D0192E87BB00D6CD10 /* XCTest.framework */ = {isa = PBXFileReference; lastKnownFileType = wrapper.framework; name = XCTest.framework; path = Library/Frameworks/XCTest.framework; sourceTree = DEVELOPER_DIR; };
		729555D8192E87BB00D6CD10 /* TestBeaconWakeAppTests-Info.plist */ = {isa = PBXFileReference; lastKnownFileType = text.plist.xml; path = "TestBeaconWakeAppTests-Info.plist"; sourceTree = "<group>"; };
		729555DA192E87BB00D6CD10 /* en */ = {isa = PBXFileReference; lastKnownFileType = text.plist.strings; name = en; path = en.lproj/InfoPlist.strings; sourceTree = "<group>"; };
		729555DC192E87BB00D6CD10 /* TestBeaconWakeAppTests.m */ = {isa = PBXFileReference; lastKnownFileType = sourcecode.c.objc; path = TestBeaconWakeAppTests.m; sourceTree = "<group>"; };
		729555E6192E87D700D6CD10 /* CoreBluetooth.framework */ = {isa = PBXFileReference; lastKnownFileType = wrapper.framework; name = CoreBluetooth.framework; path = System/Library/Frameworks/CoreBluetooth.framework; sourceTree = SDKROOT; };
		729555E8192E87E600D6CD10 /* CoreLocation.framework */ = {isa = PBXFileReference; lastKnownFileType = wrapper.framework; name = CoreLocation.framework; path = System/Library/Frameworks/CoreLocation.framework; sourceTree = SDKROOT; };
/* End PBXFileReference section */

/* Begin PBXFrameworksBuildPhase section */
		729555A8192E87BB00D6CD10 /* Frameworks */ = {
			isa = PBXFrameworksBuildPhase;
			buildActionMask = 2147483647;
			files = (
				729555E9192E87E600D6CD10 /* CoreLocation.framework in Frameworks */,
				729555E7192E87D700D6CD10 /* CoreBluetooth.framework in Frameworks */,
				729555B1192E87BB00D6CD10 /* CoreGraphics.framework in Frameworks */,
				729555B3192E87BB00D6CD10 /* UIKit.framework in Frameworks */,
				729555AF192E87BB00D6CD10 /* Foundation.framework in Frameworks */,
			);
			runOnlyForDeploymentPostprocessing = 0;
		};
		729555CC192E87BB00D6CD10 /* Frameworks */ = {
			isa = PBXFrameworksBuildPhase;
			buildActionMask = 2147483647;
			files = (
				729555D1192E87BB00D6CD10 /* XCTest.framework in Frameworks */,
				729555D3192E87BB00D6CD10 /* UIKit.framework in Frameworks */,
				729555D2192E87BB00D6CD10 /* Foundation.framework in Frameworks */,
			);
			runOnlyForDeploymentPostprocessing = 0;
		};
/* End PBXFrameworksBuildPhase section */

/* Begin PBXGroup section */
		729555A2192E87BB00D6CD10 = {
			isa = PBXGroup;
			children = (
				729555B4192E87BB00D6CD10 /* TestBeaconWakeApp */,
				729555D6192E87BB00D6CD10 /* TestBeaconWakeAppTests */,
				729555AD192E87BB00D6CD10 /* Frameworks */,
				729555AC192E87BB00D6CD10 /* Products */,
			);
			sourceTree = "<group>";
		};
		729555AC192E87BB00D6CD10 /* Products */ = {
			isa = PBXGroup;
			children = (
				729555AB192E87BB00D6CD10 /* TestBeaconWakeApp.app */,
				729555CF192E87BB00D6CD10 /* TestBeaconWakeAppTests.xctest */,
			);
			name = Products;
			sourceTree = "<group>";
		};
		729555AD192E87BB00D6CD10 /* Frameworks */ = {
			isa = PBXGroup;
			children = (
				729555E8192E87E600D6CD10 /* CoreLocation.framework */,
				729555E6192E87D700D6CD10 /* CoreBluetooth.framework */,
				729555AE192E87BB00D6CD10 /* Foundation.framework */,
				729555B0192E87BB00D6CD10 /* CoreGraphics.framework */,
				729555B2192E87BB00D6CD10 /* UIKit.framework */,
				729555D0192E87BB00D6CD10 /* XCTest.framework */,
			);
			name = Frameworks;
			sourceTree = "<group>";
		};
		729555B4192E87BB00D6CD10 /* TestBeaconWakeApp */ = {
			isa = PBXGroup;
			children = (
				729555BD192E87BB00D6CD10 /* AppDelegate.h */,
				729555BE192E87BB00D6CD10 /* AppDelegate.m */,
				729555C0192E87BB00D6CD10 /* Main_iPhone.storyboard */,
				729555C3192E87BB00D6CD10 /* Main_iPad.storyboard */,
				729555C6192E87BB00D6CD10 /* ViewController.h */,
				729555C7192E87BB00D6CD10 /* ViewController.m */,
				729555C9192E87BB00D6CD10 /* Images.xcassets */,
				729555B5192E87BB00D6CD10 /* Supporting Files */,
			);
			path = TestBeaconWakeApp;
			sourceTree = "<group>";
		};
		729555B5192E87BB00D6CD10 /* Supporting Files */ = {
			isa = PBXGroup;
			children = (
				729555B6192E87BB00D6CD10 /* TestBeaconWakeApp-Info.plist */,
				729555B7192E87BB00D6CD10 /* InfoPlist.strings */,
				729555BA192E87BB00D6CD10 /* main.m */,
				729555BC192E87BB00D6CD10 /* TestBeaconWakeApp-Prefix.pch */,
			);
			name = "Supporting Files";
			sourceTree = "<group>";
		};
		729555D6192E87BB00D6CD10 /* TestBeaconWakeAppTests */ = {
			isa = PBXGroup;
			children = (
				729555DC192E87BB00D6CD10 /* TestBeaconWakeAppTests.m */,
				729555D7192E87BB00D6CD10 /* Supporting Files */,
			);
			path = TestBeaconWakeAppTests;
			sourceTree = "<group>";
		};
		729555D7192E87BB00D6CD10 /* Supporting Files */ = {
			isa = PBXGroup;
			children = (
				729555D8192E87BB00D6CD10 /* TestBeaconWakeAppTests-Info.plist */,
				729555D9192E87BB00D6CD10 /* InfoPlist.strings */,
			);
			name = "Supporting Files";
			sourceTree = "<group>";
		};
/* End PBXGroup section */

/* Begin PBXNativeTarget section */
		729555AA192E87BB00D6CD10 /* TestBeaconWakeApp */ = {
			isa = PBXNativeTarget;
			buildConfigurationList = 729555E0192E87BB00D6CD10 /* Build configuration list for PBXNativeTarget "TestBeaconWakeApp" */;
			buildPhases = (
				729555A7192E87BB00D6CD10 /* Sources */,
				729555A8192E87BB00D6CD10 /* Frameworks */,
				729555A9192E87BB00D6CD10 /* Resources */,
			);
			buildRules = (
			);
			dependencies = (
			);
			name = TestBeaconWakeApp;
			productName = TestBeaconWakeApp;
			productReference = 729555AB192E87BB00D6CD10 /* TestBeaconWakeApp.app */;
			productType = "com.apple.product-type.application";
		};
		729555CE192E87BB00D6CD10 /* TestBeaconWakeAppTests */ = {
			isa = PBXNativeTarget;
			buildConfigurationList = 729555E3192E87BB00D6CD10 /* Build configuration list for PBXNativeTarget "TestBeaconWakeAppTests" */;
			buildPhases = (
				729555CB192E87BB00D6CD10 /* Sources */,
				729555CC192E87BB00D6CD10 /* Frameworks */,
				729555CD192E87BB00D6CD10 /* Resources */,
			);
			buildRules = (
			);
			dependencies = (
				729555D5192E87BB00D6CD10 /* PBXTargetDependency */,
			);
			name = TestBeaconWakeAppTests;
			productName = TestBeaconWakeAppTests;
			productReference = 729555CF192E87BB00D6CD10 /* TestBeaconWakeAppTests.xctest */;
			productType = "com.apple.product-type.bundle.unit-test";
		};
/* End PBXNativeTarget section */

/* Begin PBXProject section */
		729555A3192E87BB00D6CD10 /* Project object */ = {
			isa = PBXProject;
			attributes = {
				LastUpgradeCheck = 0510;
				ORGANIZATIONNAME = FANTAISIE;
				TargetAttributes = {
					729555AA192E87BB00D6CD10 = {
						DevelopmentTeam = 2336YW99BN;
					};
					729555CE192E87BB00D6CD10 = {
						TestTargetID = 729555AA192E87BB00D6CD10;
					};
				};
			};
			buildConfigurationList = 729555A6192E87BB00D6CD10 /* Build configuration list for PBXProject "TestBeaconWakeApp" */;
			compatibilityVersion = "Xcode 3.2";
			developmentRegion = English;
			hasScannedForEncodings = 0;
			knownRegions = (
				en,
				Base,
			);
			mainGroup = 729555A2192E87BB00D6CD10;
			productRefGroup = 729555AC192E87BB00D6CD10 /* Products */;
			projectDirPath = "";
			projectRoot = "";
			targets = (
				729555AA192E87BB00D6CD10 /* TestBeaconWakeApp */,
				729555CE192E87BB00D6CD10 /* TestBeaconWakeAppTests */,
			);
		};
/* End PBXProject section */

/* Begin PBXResourcesBuildPhase section */
		729555A9192E87BB00D6CD10 /* Resources */ = {
			isa = PBXResourcesBuildPhase;
			buildActionMask = 2147483647;
			files = (
				729555C5192E87BB00D6CD10 /* Main_iPad.storyboard in Resources */,
				729555CA192E87BB00D6CD10 /* Images.xcassets in Resources */,
				729555C2192E87BB00D6CD10 /* Main_iPhone.storyboard in Resources */,
				729555B9192E87BB00D6CD10 /* InfoPlist.strings in Resources */,
			);
			runOnlyForDeploymentPostprocessing = 0;
		};
		729555CD192E87BB00D6CD10 /* Resources */ = {
			isa = PBXResourcesBuildPhase;
			buildActionMask = 2147483647;
			files = (
				729555DB192E87BB00D6CD10 /* InfoPlist.strings in Resources */,
			);
			runOnlyForDeploymentPostprocessing = 0;
		};
/* End PBXResourcesBuildPhase section */

/* Begin PBXSourcesBuildPhase section */
		729555A7192E87BB00D6CD10 /* Sources */ = {
			isa = PBXSourcesBuildPhase;
			buildActionMask = 2147483647;
			files = (
				729555C8192E87BB00D6CD10 /* ViewController.m in Sources */,
				729555BF192E87BB00D6CD10 /* AppDelegate.m in Sources */,
				729555BB192E87BB00D6CD10 /* main.m in Sources */,
			);
			runOnlyForDeploymentPostprocessing = 0;
		};
		729555CB192E87BB00D6CD10 /* Sources */ = {
			isa = PBXSourcesBuildPhase;
			buildActionMask = 2147483647;
			files = (
				729555DD192E87BB00D6CD10 /* TestBeaconWakeAppTests.m in Sources */,
			);
			runOnlyForDeploymentPostprocessing = 0;
		};
/* End PBXSourcesBuildPhase section */

/* Begin PBXTargetDependency section */
		729555D5192E87BB00D6CD10 /* PBXTargetDependency */ = {
			isa = PBXTargetDependency;
			target = 729555AA192E87BB00D6CD10 /* TestBeaconWakeApp */;
			targetProxy = 729555D4192E87BB00D6CD10 /* PBXContainerItemProxy */;
		};
/* End PBXTargetDependency section */

/* Begin PBXVariantGroup section */
		729555B7192E87BB00D6CD10 /* InfoPlist.strings */ = {
			isa = PBXVariantGroup;
			children = (
				729555B8192E87BB00D6CD10 /* en */,
			);
			name = InfoPlist.strings;
			sourceTree = "<group>";
		};
		729555C0192E87BB00D6CD10 /* Main_iPhone.storyboard */ = {
			isa = PBXVariantGroup;
			children = (
				729555C1192E87BB00D6CD10 /* Base */,
			);
			name = Main_iPhone.storyboard;
			sourceTree = "<group>";
		};
		729555C3192E87BB00D6CD10 /* Main_iPad.storyboard */ = {
			isa = PBXVariantGroup;
			children = (
				729555C4192E87BB00D6CD10 /* Base */,
			);
			name = Main_iPad.storyboard;
			sourceTree = "<group>";
		};
		729555D9192E87BB00D6CD10 /* InfoPlist.strings */ = {
			isa = PBXVariantGroup;
			children = (
				729555DA192E87BB00D6CD10 /* en */,
			);
			name = InfoPlist.strings;
			sourceTree = "<group>";
		};
/* End PBXVariantGroup section */

/* Begin XCBuildConfiguration section */
		729555DE192E87BB00D6CD10 /* Debug */ = {
			isa = XCBuildConfiguration;
			buildSettings = {
				ALWAYS_SEARCH_USER_PATHS = NO;
				CLANG_CXX_LANGUAGE_STANDARD = "gnu++0x";
				CLANG_CXX_LIBRARY = "libc++";
				CLANG_ENABLE_MODULES = YES;
				CLANG_ENABLE_OBJC_ARC = YES;
				CLANG_WARN_BOOL_CONVERSION = YES;
				CLANG_WARN_CONSTANT_CONVERSION = YES;
				CLANG_WARN_DIRECT_OBJC_ISA_USAGE = YES_ERROR;
				CLANG_WARN_EMPTY_BODY = YES;
				CLANG_WARN_ENUM_CONVERSION = YES;
				CLANG_WARN_INT_CONVERSION = YES;
				CLANG_WARN_OBJC_ROOT_CLASS = YES_ERROR;
				CLANG_WARN__DUPLICATE_METHOD_MATCH = YES;
				"CODE_SIGN_IDENTITY[sdk=iphoneos*]" = "iPhone Developer";
				COPY_PHASE_STRIP = NO;
				GCC_C_LANGUAGE_STANDARD = gnu99;
				GCC_DYNAMIC_NO_PIC = NO;
				GCC_OPTIMIZATION_LEVEL = 0;
				GCC_PREPROCESSOR_DEFINITIONS = (
					"DEBUG=1",
					"$(inherited)",
				);
				GCC_SYMBOLS_PRIVATE_EXTERN = NO;
				GCC_WARN_64_TO_32_BIT_CONVERSION = YES;
				GCC_WARN_ABOUT_RETURN_TYPE = YES_ERROR;
				GCC_WARN_UNDECLARED_SELECTOR = YES;
				GCC_WARN_UNINITIALIZED_AUTOS = YES_AGGRESSIVE;
				GCC_WARN_UNUSED_FUNCTION = YES;
				GCC_WARN_UNUSED_VARIABLE = YES;
				IPHONEOS_DEPLOYMENT_TARGET = 7.1;
				ONLY_ACTIVE_ARCH = YES;
				SDKROOT = iphoneos;
				TARGETED_DEVICE_FAMILY = "1,2";
			};
			name = Debug;
		};
		729555DF192E87BB00D6CD10 /* Release */ = {
			isa = XCBuildConfiguration;
			buildSettings = {
				ALWAYS_SEARCH_USER_PATHS = NO;
				CLANG_CXX_LANGUAGE_STANDARD = "gnu++0x";
				CLANG_CXX_LIBRARY = "libc++";
				CLANG_ENABLE_MODULES = YES;
				CLANG_ENABLE_OBJC_ARC = YES;
				CLANG_WARN_BOOL_CONVERSION = YES;
				CLANG_WARN_CONSTANT_CONVERSION = YES;
				CLANG_WARN_DIRECT_OBJC_ISA_USAGE = YES_ERROR;
				CLANG_WARN_EMPTY_BODY = YES;
				CLANG_WARN_ENUM_CONVERSION = YES;
				CLANG_WARN_INT_CONVERSION = YES;
				CLANG_WARN_OBJC_ROOT_CLASS = YES_ERROR;
				CLANG_WARN__DUPLICATE_METHOD_MATCH = YES;
				"CODE_SIGN_IDENTITY[sdk=iphoneos*]" = "iPhone Developer";
				COPY_PHASE_STRIP = YES;
				ENABLE_NS_ASSERTIONS = NO;
				GCC_C_LANGUAGE_STANDARD = gnu99;
				GCC_WARN_64_TO_32_BIT_CONVERSION = YES;
				GCC_WARN_ABOUT_RETURN_TYPE = YES_ERROR;
				GCC_WARN_UNDECLARED_SELECTOR = YES;
				GCC_WARN_UNINITIALIZED_AUTOS = YES_AGGRESSIVE;
				GCC_WARN_UNUSED_FUNCTION = YES;
				GCC_WARN_UNUSED_VARIABLE = YES;
				IPHONEOS_DEPLOYMENT_TARGET = 7.1;
				SDKROOT = iphoneos;
				TARGETED_DEVICE_FAMILY = "1,2";
				VALIDATE_PRODUCT = YES;
			};
			name = Release;
		};
		729555E1192E87BB00D6CD10 /* Debug */ = {
			isa = XCBuildConfiguration;
			buildSettings = {
				ASSETCATALOG_COMPILER_APPICON_NAME = AppIcon;
				ASSETCATALOG_COMPILER_LAUNCHIMAGE_NAME = LaunchImage;
				CODE_SIGN_IDENTITY = "iPhone Developer";
				GCC_PRECOMPILE_PREFIX_HEADER = YES;
				GCC_PREFIX_HEADER = "TestBeaconWakeApp/TestBeaconWakeApp-Prefix.pch";
				INFOPLIST_FILE = "TestBeaconWakeApp/TestBeaconWakeApp-Info.plist";
				IPHONEOS_DEPLOYMENT_TARGET = 7.0;
				PRODUCT_NAME = "$(TARGET_NAME)";
				WRAPPER_EXTENSION = app;
			};
			name = Debug;
		};
		729555E2192E87BB00D6CD10 /* Release */ = {
			isa = XCBuildConfiguration;
			buildSettings = {
				ASSETCATALOG_COMPILER_APPICON_NAME = AppIcon;
				ASSETCATALOG_COMPILER_LAUNCHIMAGE_NAME = LaunchImage;
				CODE_SIGN_IDENTITY = "iPhone Developer";
				GCC_PRECOMPILE_PREFIX_HEADER = YES;
				GCC_PREFIX_HEADER = "TestBeaconWakeApp/TestBeaconWakeApp-Prefix.pch";
				INFOPLIST_FILE = "TestBeaconWakeApp/TestBeaconWakeApp-Info.plist";
				IPHONEOS_DEPLOYMENT_TARGET = 7.0;
				PRODUCT_NAME = "$(TARGET_NAME)";
				WRAPPER_EXTENSION = app;
			};
			name = Release;
		};
		729555E4192E87BB00D6CD10 /* Debug */ = {
			isa = XCBuildConfiguration;
			buildSettings = {
				BUNDLE_LOADER = "$(BUILT_PRODUCTS_DIR)/TestBeaconWakeApp.app/TestBeaconWakeApp";
				FRAMEWORK_SEARCH_PATHS = (
					"$(SDKROOT)/Developer/Library/Frameworks",
					"$(inherited)",
					"$(DEVELOPER_FRAMEWORKS_DIR)",
				);
				GCC_PRECOMPILE_PREFIX_HEADER = YES;
				GCC_PREFIX_HEADER = "TestBeaconWakeApp/TestBeaconWakeApp-Prefix.pch";
				GCC_PREPROCESSOR_DEFINITIONS = (
					"DEBUG=1",
					"$(inherited)",
				);
				INFOPLIST_FILE = "TestBeaconWakeAppTests/TestBeaconWakeAppTests-Info.plist";
				PRODUCT_NAME = "$(TARGET_NAME)";
				TEST_HOST = "$(BUNDLE_LOADER)";
				WRAPPER_EXTENSION = xctest;
			};
			name = Debug;
		};
		729555E5192E87BB00D6CD10 /* Release */ = {
			isa = XCBuildConfiguration;
			buildSettings = {
				BUNDLE_LOADER = "$(BUILT_PRODUCTS_DIR)/TestBeaconWakeApp.app/TestBeaconWakeApp";
				FRAMEWORK_SEARCH_PATHS = (
					"$(SDKROOT)/Developer/Library/Frameworks",
					"$(inherited)",
					"$(DEVELOPER_FRAMEWORKS_DIR)",
				);
				GCC_PRECOMPILE_PREFIX_HEADER = YES;
				GCC_PREFIX_HEADER = "TestBeaconWakeApp/TestBeaconWakeApp-Prefix.pch";
				INFOPLIST_FILE = "TestBeaconWakeAppTests/TestBeaconWakeAppTests-Info.plist";
				PRODUCT_NAME = "$(TARGET_NAME)";
				TEST_HOST = "$(BUNDLE_LOADER)";
				WRAPPER_EXTENSION = xctest;
			};
			name = Release;
		};
/* End XCBuildConfiguration section */

/* Begin XCConfigurationList section */
		729555A6192E87BB00D6CD10 /* Build configuration list for PBXProject "TestBeaconWakeApp" */ = {
			isa = XCConfigurationList;
			buildConfigurations = (
				729555DE192E87BB00D6CD10 /* Debug */,
				729555DF192E87BB00D6CD10 /* Release */,
			);
			defaultConfigurationIsVisible = 0;
			defaultConfigurationName = Release;
		};
		729555E0192E87BB00D6CD10 /* Build configuration list for PBXNativeTarget "TestBeaconWakeApp" */ = {
			isa = XCConfigurationList;
			buildConfigurations = (
				729555E1192E87BB00D6CD10 /* Debug */,
				729555E2192E87BB00D6CD10 /* Release */,
			);
			defaultConfigurationIsVisible = 0;
		};
		729555E3192E87BB00D6CD10 /* Build configuration list for PBXNativeTarget "TestBeaconWakeAppTests" */ = {
			isa = XCConfigurationList;
			buildConfigurations = (
				729555E4192E87BB00D6CD10 /* Debug */,
				729555E5192E87BB00D6CD10 /* Release */,
			);
			defaultConfigurationIsVisible = 0;
		};
/* End XCConfigurationList section */
	};
	rootObject = 729555A3192E87BB00D6CD10 /* Project object */;
}
